
Microsoft Visual Studio Solution File, Format Version 12.00
# Visual Studio Version 17
VisualStudioVersion = 17.14.36203.30 d17.14
MinimumVisualStudioVersion = 10.0.40219.1
Project("{FAE04EC0-301F-11D3-BF4B-00C04F79EFBC}") = "sommer_al", "sommer_al\sommer_al.csproj", "{9AC482A5-EEB2-45F5-80C5-29CE17A07BC6}"
EndProject
Global
	GlobalSection(SolutionConfigurationPlatforms) = preSolution
		Debug|Any CPU = Debug|Any CPU
		Release|Any CPU = Release|Any CPU
	EndGlobalSection
	GlobalSection(ProjectConfigurationPlatforms) = postSolution
		{9AC482A5-EEB2-45F5-80C5-29CE17A07BC6}.Debug|Any CPU.ActiveCfg = Debug|Any CPU
		{9AC482A5-EEB2-45F5-80C5-29CE17A07BC6}.Debug|Any CPU.Build.0 = Debug|Any CPU
		{9AC482A5-EEB2-45F5-80C5-29CE17A07BC6}.Release|Any CPU.ActiveCfg = Release|Any CPU
		{9AC482A5-EEB2-45F5-80C5-29CE17A07BC6}.Release|Any CPU.Build.0 = Release|Any CPU
	EndGlobalSection
	GlobalSection(SolutionProperties) = preSolution
		HideSolutionNode = FALSE
	EndGlobalSection
	GlobalSection(ExtensibilityGlobals) = postSolution
		SolutionGuid = {943BBC1D-BCE8-4ACE-9550-FE1E50898139}
	EndGlobalSection
EndGlobal
